
Microsoft Visual Studio Solution File, Format Version 12.00
# Visual Studio Version 16
VisualStudioVersion = 16.0.30503.244
MinimumVisualStudioVersion = 10.0.40219.1
Project("{9A19103F-16F7-4668-BE54-9A1E7A4F7556}") = "StringDecoration", "StringDecoration\StringDecoration.csproj", "{743CAA02-69E6-45F7-BF75-07F4238CCF11}"
EndProject
Project("{9A19103F-16F7-4668-BE54-9A1E7A4F7556}") = "StringDecorationLib", "StringDecorationLib\StringDecorationLib.csproj", "{CACC1D60-90B5-43C1-B594-78EC03940AB9}"
	ProjectSection(ProjectDependencies) = postProject
		{46AE55E0-EF21-4A37-8E82-58FA0780EEBB} = {46AE55E0-EF21-4A37-8E82-58FA0780EEBB}
	EndProjectSection
EndProject
Project("{9A19103F-16F7-4668-BE54-9A1E7A4F7556}") = "StringDecorationLibContract", "StringDecorationLibContract\StringDecorationLibContract.csproj", "{46AE55E0-EF21-4A37-8E82-58FA0780EEBB}"
EndProject
Project("{FAE04EC0-301F-11D3-BF4B-00C04F79EFBC}") = "StringDecoratorLibTest", "StringDecoratorLibTest\StringDecoratorLibTest.csproj", "{D4A94858-5ECF-4A6D-B662-F607300CA3E5}"
EndProject
Project("{FAE04EC0-301F-11D3-BF4B-00C04F79EFBC}") = "StringDecorationContract", "StringDecorationContract\StringDecorationContract.csproj", "{627875F6-696E-4A8D-BB12-3D524505419C}"
EndProject
Global
	GlobalSection(SolutionConfigurationPlatforms) = preSolution
		Debug|Any CPU = Debug|Any CPU
		Release|Any CPU = Release|Any CPU
	EndGlobalSection
	GlobalSection(ProjectConfigurationPlatforms) = postSolution
		{743CAA02-69E6-45F7-BF75-07F4238CCF11}.Debug|Any CPU.ActiveCfg = Debug|Any CPU
		{743CAA02-69E6-45F7-BF75-07F4238CCF11}.Debug|Any CPU.Build.0 = Debug|Any CPU
		{743CAA02-69E6-45F7-BF75-07F4238CCF11}.Release|Any CPU.ActiveCfg = Release|Any CPU
		{743CAA02-69E6-45F7-BF75-07F4238CCF11}.Release|Any CPU.Build.0 = Release|Any CPU
		{CACC1D60-90B5-43C1-B594-78EC03940AB9}.Debug|Any CPU.ActiveCfg = Debug|Any CPU
		{CACC1D60-90B5-43C1-B594-78EC03940AB9}.Debug|Any CPU.Build.0 = Debug|Any CPU
		{CACC1D60-90B5-43C1-B594-78EC03940AB9}.Release|Any CPU.ActiveCfg = Release|Any CPU
		{CACC1D60-90B5-43C1-B594-78EC03940AB9}.Release|Any CPU.Build.0 = Release|Any CPU
		{46AE55E0-EF21-4A37-8E82-58FA0780EEBB}.Debug|Any CPU.ActiveCfg = Debug|Any CPU
		{46AE55E0-EF21-4A37-8E82-58FA0780EEBB}.Debug|Any CPU.Build.0 = Debug|Any CPU
		{46AE55E0-EF21-4A37-8E82-58FA0780EEBB}.Release|Any CPU.ActiveCfg = Release|Any CPU
		{46AE55E0-EF21-4A37-8E82-58FA0780EEBB}.Release|Any CPU.Build.0 = Release|Any CPU
		{D4A94858-5ECF-4A6D-B662-F607300CA3E5}.Debug|Any CPU.ActiveCfg = Debug|Any CPU
		{D4A94858-5ECF-4A6D-B662-F607300CA3E5}.Debug|Any CPU.Build.0 = Debug|Any CPU
		{D4A94858-5ECF-4A6D-B662-F607300CA3E5}.Release|Any CPU.ActiveCfg = Release|Any CPU
		{D4A94858-5ECF-4A6D-B662-F607300CA3E5}.Release|Any CPU.Build.0 = Release|Any CPU
		{627875F6-696E-4A8D-BB12-3D524505419C}.Debug|Any CPU.ActiveCfg = Debug|Any CPU
		{627875F6-696E-4A8D-BB12-3D524505419C}.Debug|Any CPU.Build.0 = Debug|Any CPU
		{627875F6-696E-4A8D-BB12-3D524505419C}.Release|Any CPU.ActiveCfg = Release|Any CPU
		{627875F6-696E-4A8D-BB12-3D524505419C}.Release|Any CPU.Build.0 = Release|Any CPU
	EndGlobalSection
	GlobalSection(SolutionProperties) = preSolution
		HideSolutionNode = FALSE
	EndGlobalSection
	GlobalSection(ExtensibilityGlobals) = postSolution
		SolutionGuid = {DD684722-B730-4169-A01A-5643D07C8062}
	EndGlobalSection
EndGlobal
